{
    "_readme": [
        "This file locks the dependencies of your project to a known state",
        "Read more about it at https://getcomposer.org/doc/01-basic-usage.md#composer-lock-the-lock-file",
        "This file is @generated automatically"
    ],
    "hash": "e0b4075aa3c7d6b2385121b17b17338d",
    "content-hash": "c5f9e9e26c851b9b86faa8125b04a7db",
    "packages": [
        {
            "name": "hassankhan/config",
            "version": "0.10.0",
            "source": {
                "type": "git",
                "url": "https://github.com/hassankhan/config.git",
                "reference": "06ac500348af033f1a2e44dc357ca86282626d4a"
            },
            "dist": {
                "type": "zip",
                "url": "https://api.github.com/repos/hassankhan/config/zipball/06ac500348af033f1a2e44dc357ca86282626d4a",
                "reference": "06ac500348af033f1a2e44dc357ca86282626d4a",
                "shasum": ""
            },
            "require": {
                "php": ">=5.3.0"
            },
            "require-dev": {
                "phpunit/phpunit": "~4.0",
                "scrutinizer/ocular": "~1.1",
                "squizlabs/php_codesniffer": "~2.2"
            },
            "suggest": {
                "symfony/yaml": "~2.5"
            },
            "type": "library",
            "autoload": {
                "psr-4": {
                    "Noodlehaus\\": "src"
                }
            },
            "notification-url": "https://packagist.org/downloads/",
            "license": [
                "MIT"
            ],
            "authors": [
                {
                    "name": "Hassan Khan",
                    "homepage": "http://hassankhan.me/",
                    "role": "Developer"
                }
            ],
            "description": "Lightweight configuration file loader that supports PHP, INI, XML, JSON, and YAML files",
            "homepage": "http://hassankhan.me/config/",
            "keywords": [
                "config",
                "configuration",
                "ini",
                "json",
                "microphp",
                "unframework",
                "xml",
                "yaml",
                "yml"
            ],
            "time": "2016-02-11 16:21:17"
        },
        {
            "name": "newcart/opencart",
            "version": "dev-master",
            "source": {
                "type": "git",
                "url": "https://github.com/newcart/opencart.git",
                "reference": "89f452a4556e5ef7f33e2a22c522f06f0692c8de"
            },
            "dist": {
                "type": "zip",
                "url": "https://api.github.com/repos/newcart/opencart/zipball/89f452a4556e5ef7f33e2a22c522f06f0692c8de",
                "reference": "89f452a4556e5ef7f33e2a22c522f06f0692c8de",
                "shasum": ""
            },
            "type": "newcart-opencart",
            "autoload": {
                "psr-4": {
                    "Core\\Admin\\": "admin/",
                    "Core\\Catalog\\": "catalog/",
                    "Core\\System\\": "system/"
                }
            },
            "notification-url": "https://packagist.org/downloads/",
            "license": [
                "GPL-3.0"
            ],
            "authors": [
                {
                    "name": "Kallef",
                    "email": "prhost@prhost.com.br"
                }
            ],
            "description": "NewCart Ecommerce Opencart v2.0.0.0",
            "time": "2016-02-10 23:30:36"
        },
        {
            "name": "newcart/system",
            "version": "dev-master",
            "source": {
                "type": "git",
                "url": "https://github.com/newcart/system.git",
                "reference": "2be8bfc984f9b8f596f9d30e74672d0b72b0d946"
            },
            "dist": {
                "type": "zip",
                "url": "https://api.github.com/repos/newcart/system/zipball/2be8bfc984f9b8f596f9d30e74672d0b72b0d946",
                "reference": "2be8bfc984f9b8f596f9d30e74672d0b72b0d946",
                "shasum": ""
            },
            "require": {
                "composer-plugin-api": "^1.0",
                "hassankhan/config": "^0.10.0",
                "twig/twig": "^1.24"
            },
            "type": "composer-plugin",
            "extra": {
                "class": [
                    "Newcart\\System\\ComposerInstallers\\OpencartInstallerPlugin",
                    "Newcart\\System\\ComposerInstallers\\ExtensionInstallerPlugin",
                    "Newcart\\System\\ComposerInstallers\\ThemeInstallerPlugin"
                ]
            },
            "autoload": {
                "psr-0": {
                    "Newcart\\System": "src/"
                }
            },
            "notification-url": "https://packagist.org/downloads/",
            "license": [
                "proprietary"
            ],
            "authors": [
                {
                    "name": "Kallef Alexandre de Souza",
                    "email": "prhost@prhost.com.br"
                }
            ],
            "description": "Newcart ecommerce System",
            "time": "2016-02-11 21:45:56"
        },
        {
            "name": "newcart/theme-default",
            "version": "dev-master",
            "source": {
                "type": "git",
                "url": "https://github.com/newcart/theme-default.git",
                "reference": "f8962e70e09c8f9429838fdf207bb882f967a6bb"
            },
            "dist": {
                "type": "zip",
                "url": "https://api.github.com/repos/newcart/theme-default/zipball/f8962e70e09c8f9429838fdf207bb882f967a6bb",
                "reference": "f8962e70e09c8f9429838fdf207bb882f967a6bb",
                "shasum": ""
            },
            "type": "newcart-theme",
            "license": [
                "GPL-3.0"
            ],
            "authors": [
                {
                    "name": "Kallef",
                    "email": "prhost@prhost.com.br"
                }
            ],
            "description": "Newcart Theme default",
            "support": {
                "source": "https://github.com/newcart/theme-default/tree/master",
                "issues": "https://github.com/newcart/theme-default/issues"
            },
            "time": "2016-02-10 23:50:48"
        },
        {
            "name": "newcart/theme-default-twig",
            "version": "dev-master",
            "source": {
                "type": "git",
                "url": "https://github.com/newcart/theme-default-twig.git",
                "reference": "cd2aa274ab5c92469b34f185c81cc059cb37e10f"
            },
            "dist": {
                "type": "zip",
                "url": "https://api.github.com/repos/newcart/theme-default-twig/zipball/cd2aa274ab5c92469b34f185c81cc059cb37e10f",
                "reference": "cd2aa274ab5c92469b34f185c81cc059cb37e10f",
                "shasum": ""
            },
            "type": "newcart-theme",
            "license": [
                "GPL-3.0"
            ],
            "authors": [
                {
                    "name": "Kallef",
                    "email": "prhost@prhost.com.br"
                }
            ],
            "description": "Newcart ecommerce Theme default (Twig)",
            "support": {
                "source": "https://github.com/newcart/theme-default-twig/tree/master",
                "issues": "https://github.com/newcart/theme-default-twig/issues"
            },
            "time": "2016-02-10 23:50:36"
        },
        {
            "name": "twig/twig",
            "version": "1.x-dev",
            "source": {
                "type": "git",
                "url": "https://github.com/twigphp/Twig.git",
                "reference": "f0a4fa678465491947554f6687c5fca5e482f8ec"
            },
            "dist": {
                "type": "zip",
                "url": "https://api.github.com/repos/twigphp/Twig/zipball/f0a4fa678465491947554f6687c5fca5e482f8ec",
                "reference": "f0a4fa678465491947554f6687c5fca5e482f8ec",
                "shasum": ""
            },
            "require": {
                "php": ">=5.2.7"
            },
            "require-dev": {
                "symfony/debug": "~2.7",
                "symfony/phpunit-bridge": "~2.7"
            },
            "type": "library",
            "extra": {
                "branch-alias": {
                    "dev-master": "1.24-dev"
                }
            },
            "autoload": {
                "psr-0": {
                    "Twig_": "lib/"
                }
            },
            "notification-url": "https://packagist.org/downloads/",
            "license": [
                "BSD-3-Clause"
            ],
            "authors": [
                {
                    "name": "Fabien Potencier",
                    "email": "fabien@symfony.com",
                    "homepage": "http://fabien.potencier.org",
                    "role": "Lead Developer"
                },
                {
                    "name": "Armin Ronacher",
                    "email": "armin.ronacher@active-4.com",
                    "role": "Project Founder"
                },
                {
                    "name": "Twig Team",
                    "homepage": "http://twig.sensiolabs.org/contributors",
                    "role": "Contributors"
                }
            ],
            "description": "Twig, the flexible, fast, and secure template language for PHP",
            "homepage": "http://twig.sensiolabs.org",
            "keywords": [
                "templating"
            ],
            "time": "2016-01-29 10:45:45"
        }
    ],
    "packages-dev": [],
    "aliases": [],
    "minimum-stability": "dev",
    "stability-flags": {
        "newcart/system": 20,
        "newcart/opencart": 20,
        "newcart/theme-default": 20,
        "newcart/theme-default-twig": 20
    },
    "prefer-stable": false,
    "prefer-lowest": false,
    "platform": [],
    "platform-dev": []
}
